// !$*UTF8*$!
{
	archiveVersion = 1;
	classes = {
	};
	objectVersion = 46;
	objects = {

/* Begin PBXBuildFile section */
		7047D5BF179492EA00354973 /* Foundation.framework in Frameworks */ = {isa = PBXBuildFile; fileRef = 7047D5BE179492EA00354973 /* Foundation.framework */; };
		7047D5C1179492EA00354973 /* CoreGraphics.framework in Frameworks */ = {isa = PBXBuildFile; fileRef = 7047D5C0179492EA00354973 /* CoreGraphics.framework */; };
		7047D5C3179492EA00354973 /* UIKit.framework in Frameworks */ = {isa = PBXBuildFile; fileRef = 7047D5C2179492EA00354973 /* UIKit.framework */; };
		7047D5C9179492EA00354973 /* InfoPlist.strings in Resources */ = {isa = PBXBuildFile; fileRef = 7047D5C7179492EA00354973 /* InfoPlist.strings */; };
		7047D5CB179492EA00354973 /* main.m in Sources */ = {isa = PBXBuildFile; fileRef = 7047D5CA179492EA00354973 /* main.m */; };
		7047D5CF179492EA00354973 /* AppDelegate.m in Sources */ = {isa = PBXBuildFile; fileRef = 7047D5CE179492EA00354973 /* AppDelegate.m */; };
		7047D5D1179492EA00354973 /* Images.xcassets in Resources */ = {isa = PBXBuildFile; fileRef = 7047D5D0179492EA00354973 /* Images.xcassets */; };
		7047D5D8179492EA00354973 /* XCTest.framework in Frameworks */ = {isa = PBXBuildFile; fileRef = 7047D5D7179492EA00354973 /* XCTest.framework */; };
		7047D5D9179492EA00354973 /* Foundation.framework in Frameworks */ = {isa = PBXBuildFile; fileRef = 7047D5BE179492EA00354973 /* Foundation.framework */; };
		7047D5DA179492EA00354973 /* UIKit.framework in Frameworks */ = {isa = PBXBuildFile; fileRef = 7047D5C2179492EA00354973 /* UIKit.framework */; };
		7047D5E2179492EA00354973 /* InfoPlist.strings in Resources */ = {isa = PBXBuildFile; fileRef = 7047D5E0179492EA00354973 /* InfoPlist.strings */; };
		7047D5E4179492EA00354973 /* ITSDemoTests.m in Sources */ = {isa = PBXBuildFile; fileRef = 7047D5E3179492EA00354973 /* ITSDemoTests.m */; };
/* End PBXBuildFile section */

/* Begin PBXContainerItemProxy section */
		7047D5DB179492EA00354973 /* PBXContainerItemProxy */ = {
			isa = PBXContainerItemProxy;
			containerPortal = 7047D5B3179492E900354973 /* Project object */;
			proxyType = 1;
			remoteGlobalIDString = 7047D5BA179492E900354973;
			remoteInfo = ITSDemo;
		};
/* End PBXContainerItemProxy section */

/* Begin PBXFileReference section */
		7047D5BB179492E900354973 /* ITSDemo.app */ = {isa = PBXFileReference; explicitFileType = wrapper.application; includeInIndex = 0; path = ITSDemo.app; sourceTree = BUILT_PRODUCTS_DIR; };
		7047D5BE179492EA00354973 /* Foundation.framework */ = {isa = PBXFileReference; lastKnownFileType = wrapper.framework; name = Foundation.framework; path = System/Library/Frameworks/Foundation.framework; sourceTree = SDKROOT; };
		7047D5C0179492EA00354973 /* CoreGraphics.framework */ = {isa = PBXFileReference; lastKnownFileType = wrapper.framework; name = CoreGraphics.framework; path = System/Library/Frameworks/CoreGraphics.framework; sourceTree = SDKROOT; };
		7047D5C2179492EA00354973 /* UIKit.framework */ = {isa = PBXFileReference; lastKnownFileType = wrapper.framework; name = UIKit.framework; path = System/Library/Frameworks/UIKit.framework; sourceTree = SDKROOT; };
		7047D5C6179492EA00354973 /* ITSDemo-Info.plist */ = {isa = PBXFileReference; lastKnownFileType = text.plist.xml; path = "ITSDemo-Info.plist"; sourceTree = "<group>"; };
		7047D5C8179492EA00354973 /* en */ = {isa = PBXFileReference; lastKnownFileType = text.plist.strings; name = en; path = en.lproj/InfoPlist.strings; sourceTree = "<group>"; };
		7047D5CA179492EA00354973 /* main.m */ = {isa = PBXFileReference; lastKnownFileType = sourcecode.c.objc; path = main.m; sourceTree = "<group>"; };
		7047D5CC179492EA00354973 /* ITSDemo-Prefix.pch */ = {isa = PBXFileReference; lastKnownFileType = sourcecode.c.h; path = "ITSDemo-Prefix.pch"; sourceTree = "<group>"; };
		7047D5CD179492EA00354973 /* AppDelegate.h */ = {isa = PBXFileReference; lastKnownFileType = sourcecode.c.h; path = AppDelegate.h; sourceTree = "<group>"; };
		7047D5CE179492EA00354973 /* AppDelegate.m */ = {isa = PBXFileReference; lastKnownFileType = sourcecode.c.objc; path = AppDelegate.m; sourceTree = "<group>"; };
		7047D5D0179492EA00354973 /* Images.xcassets */ = {isa = PBXFileReference; lastKnownFileType = folder.assetcatalog; path = Images.xcassets; sourceTree = "<group>"; };
		7047D5D6179492EA00354973 /* ITSDemoTests.xctest */ = {isa = PBXFileReference; explicitFileType = wrapper.cfbundle; includeInIndex = 0; path = ITSDemoTests.xctest; sourceTree = BUILT_PRODUCTS_DIR; };
		7047D5D7179492EA00354973 /* XCTest.framework */ = {isa = PBXFileReference; lastKnownFileType = wrapper.framework; name = XCTest.framework; path = Library/Frameworks/XCTest.framework; sourceTree = DEVELOPER_DIR; };
		7047D5DF179492EA00354973 /* ITSDemoTests-Info.plist */ = {isa = PBXFileReference; lastKnownFileType = text.plist.xml; path = "ITSDemoTests-Info.plist"; sourceTree = "<group>"; };
		7047D5E1179492EA00354973 /* en */ = {isa = PBXFileReference; lastKnownFileType = text.plist.strings; name = en; path = en.lproj/InfoPlist.strings; sourceTree = "<group>"; };
		7047D5E3179492EA00354973 /* ITSDemoTests.m */ = {isa = PBXFileReference; lastKnownFileType = sourcecode.c.objc; path = ITSDemoTests.m; sourceTree = "<group>"; };
/* End PBXFileReference section */

/* Begin PBXFrameworksBuildPhase section */
		7047D5B8179492E900354973 /* Frameworks */ = {
			isa = PBXFrameworksBuildPhase;
			buildActionMask = 2147483647;
			files = (
				7047D5C1179492EA00354973 /* CoreGraphics.framework in Frameworks */,
				7047D5C3179492EA00354973 /* UIKit.framework in Frameworks */,
				7047D5BF179492EA00354973 /* Foundation.framework in Frameworks */,
			);
			runOnlyForDeploymentPostprocessing = 0;
		};
		7047D5D3179492EA00354973 /* Frameworks */ = {
			isa = PBXFrameworksBuildPhase;
			buildActionMask = 2147483647;
			files = (
				7047D5D8179492EA00354973 /* XCTest.framework in Frameworks */,
				7047D5DA179492EA00354973 /* UIKit.framework in Frameworks */,
				7047D5D9179492EA00354973 /* Foundation.framework in Frameworks */,
			);
			runOnlyForDeploymentPostprocessing = 0;
		};
/* End PBXFrameworksBuildPhase section */

/* Begin PBXGroup section */
		7047D5B2179492E900354973 = {
			isa = PBXGroup;
			children = (
				7047D5C4179492EA00354973 /* ITSDemo */,
				7047D5DD179492EA00354973 /* ITSDemoTests */,
				7047D5BD179492E900354973 /* Frameworks */,
				7047D5BC179492E900354973 /* Products */,
			);
			sourceTree = "<group>";
		};
		7047D5BC179492E900354973 /* Products */ = {
			isa = PBXGroup;
			children = (
				7047D5BB179492E900354973 /* ITSDemo.app */,
				7047D5D6179492EA00354973 /* ITSDemoTests.xctest */,
			);
			name = Products;
			sourceTree = "<group>";
		};
		7047D5BD179492E900354973 /* Frameworks */ = {
			isa = PBXGroup;
			children = (
				7047D5BE179492EA00354973 /* Foundation.framework */,
				7047D5C0179492EA00354973 /* CoreGraphics.framework */,
				7047D5C2179492EA00354973 /* UIKit.framework */,
				7047D5D7179492EA00354973 /* XCTest.framework */,
			);
			name = Frameworks;
			sourceTree = "<group>";
		};
		7047D5C4179492EA00354973 /* ITSDemo */ = {
			isa = PBXGroup;
			children = (
				7047D5CD179492EA00354973 /* AppDelegate.h */,
				7047D5CE179492EA00354973 /* AppDelegate.m */,
				7047D5D0179492EA00354973 /* Images.xcassets */,
				7047D5C5179492EA00354973 /* Supporting Files */,
			);
			path = ITSDemo;
			sourceTree = "<group>";
		};
		7047D5C5179492EA00354973 /* Supporting Files */ = {
			isa = PBXGroup;
			children = (
				7047D5C6179492EA00354973 /* ITSDemo-Info.plist */,
				7047D5C7179492EA00354973 /* InfoPlist.strings */,
				7047D5CA179492EA00354973 /* main.m */,
				7047D5CC179492EA00354973 /* ITSDemo-Prefix.pch */,
			);
			name = "Supporting Files";
			sourceTree = "<group>";
		};
		7047D5DD179492EA00354973 /* ITSDemoTests */ = {
			isa = PBXGroup;
			children = (
				7047D5E3179492EA00354973 /* ITSDemoTests.m */,
				7047D5DE179492EA00354973 /* Supporting Files */,
			);
			path = ITSDemoTests;
			sourceTree = "<group>";
		};
		7047D5DE179492EA00354973 /* Supporting Files */ = {
			isa = PBXGroup;
			children = (
				7047D5DF179492EA00354973 /* ITSDemoTests-Info.plist */,
				7047D5E0179492EA00354973 /* InfoPlist.strings */,
			);
			name = "Supporting Files";
			sourceTree = "<group>";
		};
/* End PBXGroup section */

/* Begin PBXNativeTarget section */
		7047D5BA179492E900354973 /* ITSDemo */ = {
			isa = PBXNativeTarget;
			buildConfigurationList = 7047D5E7179492EA00354973 /* Build configuration list for PBXNativeTarget "ITSDemo" */;
			buildPhases = (
				7047D5B7179492E900354973 /* Sources */,
				7047D5B8179492E900354973 /* Frameworks */,
				7047D5B9179492E900354973 /* Resources */,
			);
			buildRules = (
			);
			dependencies = (
			);
			name = ITSDemo;
			productName = ITSDemo;
			productReference = 7047D5BB179492E900354973 /* ITSDemo.app */;
			productType = "com.apple.product-type.application";
		};
		7047D5D5179492EA00354973 /* ITSDemoTests */ = {
			isa = PBXNativeTarget;
			buildConfigurationList = 7047D5EA179492EA00354973 /* Build configuration list for PBXNativeTarget "ITSDemoTests" */;
			buildPhases = (
				7047D5D2179492EA00354973 /* Sources */,
				7047D5D3179492EA00354973 /* Frameworks */,
				7047D5D4179492EA00354973 /* Resources */,
			);
			buildRules = (
			);
			dependencies = (
				7047D5DC179492EA00354973 /* PBXTargetDependency */,
			);
			name = ITSDemoTests;
			productName = ITSDemoTests;
			productReference = 7047D5D6179492EA00354973 /* ITSDemoTests.xctest */;
			productType = "com.apple.product-type.bundle.unit-test";
		};
/* End PBXNativeTarget section */

/* Begin PBXProject section */
		7047D5B3179492E900354973 /* Project object */ = {
			isa = PBXProject;
			attributes = {
				LastUpgradeCheck = 0500;
				ORGANIZATIONNAME = "Intouch Solutions";
				TargetAttributes = {
					7047D5D5179492EA00354973 = {
						TestTargetID = 7047D5BA179492E900354973;
					};
				};
			};
			buildConfigurationList = 7047D5B6179492E900354973 /* Build configuration list for PBXProject "ITSDemo" */;
			compatibilityVersion = "Xcode 3.2";
			developmentRegion = English;
			hasScannedForEncodings = 0;
			knownRegions = (
				en,
			);
			mainGroup = 7047D5B2179492E900354973;
			productRefGroup = 7047D5BC179492E900354973 /* Products */;
			projectDirPath = "";
			projectRoot = "";
			targets = (
				7047D5BA179492E900354973 /* ITSDemo */,
				7047D5D5179492EA00354973 /* ITSDemoTests */,
			);
		};
/* End PBXProject section */

/* Begin PBXResourcesBuildPhase section */
		7047D5B9179492E900354973 /* Resources */ = {
			isa = PBXResourcesBuildPhase;
			buildActionMask = 2147483647;
			files = (
				7047D5C9179492EA00354973 /* InfoPlist.strings in Resources */,
				7047D5D1179492EA00354973 /* Images.xcassets in Resources */,
			);
			runOnlyForDeploymentPostprocessing = 0;
		};
		7047D5D4179492EA00354973 /* Resources */ = {
			isa = PBXResourcesBuildPhase;
			buildActionMask = 2147483647;
			files = (
				7047D5E2179492EA00354973 /* InfoPlist.strings in Resources */,
			);
			runOnlyForDeploymentPostprocessing = 0;
		};
/* End PBXResourcesBuildPhase section */

/* Begin PBXSourcesBuildPhase section */
		7047D5B7179492E900354973 /* Sources */ = {
			isa = PBXSourcesBuildPhase;
			buildActionMask = 2147483647;
			files = (
				7047D5CF179492EA00354973 /* AppDelegate.m in Sources */,
				7047D5CB179492EA00354973 /* main.m in Sources */,
			);
			runOnlyForDeploymentPostprocessing = 0;
		};
		7047D5D2179492EA00354973 /* Sources */ = {
			isa = PBXSourcesBuildPhase;
			buildActionMask = 2147483647;
			files = (
				7047D5E4179492EA00354973 /* ITSDemoTests.m in Sources */,
			);
			runOnlyForDeploymentPostprocessing = 0;
		};
/* End PBXSourcesBuildPhase section */

/* Begin PBXTargetDependency section */
		7047D5DC179492EA00354973 /* PBXTargetDependency */ = {
			isa = PBXTargetDependency;
			target = 7047D5BA179492E900354973 /* ITSDemo */;
			targetProxy = 7047D5DB179492EA00354973 /* PBXContainerItemProxy */;
		};
/* End PBXTargetDependency section */

/* Begin PBXVariantGroup section */
		7047D5C7179492EA00354973 /* InfoPlist.strings */ = {
			isa = PBXVariantGroup;
			children = (
				7047D5C8179492EA00354973 /* en */,
			);
			name = InfoPlist.strings;
			sourceTree = "<group>";
		};
		7047D5E0179492EA00354973 /* InfoPlist.strings */ = {
			isa = PBXVariantGroup;
			children = (
				7047D5E1179492EA00354973 /* en */,
			);
			name = InfoPlist.strings;
			sourceTree = "<group>";
		};
/* End PBXVariantGroup section */

/* Begin XCBuildConfiguration section */
		7047D5E5179492EA00354973 /* Debug */ = {
			isa = XCBuildConfiguration;
			buildSettings = {
				ALWAYS_SEARCH_USER_PATHS = NO;
				CLANG_CXX_LANGUAGE_STANDARD = "gnu++0x";
				CLANG_CXX_LIBRARY = "libc++";
				CLANG_ENABLE_MODULES = YES;
				CLANG_ENABLE_OBJC_ARC = YES;
				CLANG_WARN_BOOL_CONVERSION = YES;
				CLANG_WARN_CONSTANT_CONVERSION = YES;
				CLANG_WARN_DIRECT_OBJC_ISA_USAGE = YES_ERROR;
				CLANG_WARN_EMPTY_BODY = YES;
				CLANG_WARN_ENUM_CONVERSION = YES;
				CLANG_WARN_INT_CONVERSION = YES;
				CLANG_WARN_OBJC_ROOT_CLASS = YES_ERROR;
				CLANG_WARN__DUPLICATE_METHOD_MATCH = YES;
				"CODE_SIGN_IDENTITY[sdk=iphoneos*]" = "iPhone Developer";
				COPY_PHASE_STRIP = NO;
				GCC_C_LANGUAGE_STANDARD = gnu99;
				GCC_DYNAMIC_NO_PIC = NO;
				GCC_OPTIMIZATION_LEVEL = 0;
				GCC_PREPROCESSOR_DEFINITIONS = (
					"DEBUG=1",
					"$(inherited)",
				);
				GCC_SYMBOLS_PRIVATE_EXTERN = NO;
				GCC_WARN_ABOUT_RETURN_TYPE = YES_ERROR;
				GCC_WARN_UNDECLARED_SELECTOR = YES;
				GCC_WARN_UNINITIALIZED_AUTOS = YES;
				GCC_WARN_UNUSED_FUNCTION = YES;
				GCC_WARN_UNUSED_VARIABLE = YES;
				IPHONEOS_DEPLOYMENT_TARGET = 7.0;
				ONLY_ACTIVE_ARCH = YES;
				SDKROOT = iphoneos;
			};
			name = Debug;
		};
		7047D5E6179492EA00354973 /* Release */ = {
			isa = XCBuildConfiguration;
			buildSettings = {
				ALWAYS_SEARCH_USER_PATHS = NO;
				CLANG_CXX_LANGUAGE_STANDARD = "gnu++0x";
				CLANG_CXX_LIBRARY = "libc++";
				CLANG_ENABLE_MODULES = YES;
				CLANG_ENABLE_OBJC_ARC = YES;
				CLANG_WARN_BOOL_CONVERSION = YES;
				CLANG_WARN_CONSTANT_CONVERSION = YES;
				CLANG_WARN_DIRECT_OBJC_ISA_USAGE = YES_ERROR;
				CLANG_WARN_EMPTY_BODY = YES;
				CLANG_WARN_ENUM_CONVERSION = YES;
				CLANG_WARN_INT_CONVERSION = YES;
				CLANG_WARN_OBJC_ROOT_CLASS = YES_ERROR;
				CLANG_WARN__DUPLICATE_METHOD_MATCH = YES;
				"CODE_SIGN_IDENTITY[sdk=iphoneos*]" = "iPhone Developer";
				COPY_PHASE_STRIP = YES;
				ENABLE_NS_ASSERTIONS = NO;
				GCC_C_LANGUAGE_STANDARD = gnu99;
				GCC_WARN_ABOUT_RETURN_TYPE = YES_ERROR;
				GCC_WARN_UNDECLARED_SELECTOR = YES;
				GCC_WARN_UNINITIALIZED_AUTOS = YES;
				GCC_WARN_UNUSED_FUNCTION = YES;
				GCC_WARN_UNUSED_VARIABLE = YES;
				IPHONEOS_DEPLOYMENT_TARGET = 7.0;
				SDKROOT = iphoneos;
				VALIDATE_PRODUCT = YES;
			};
			name = Release;
		};
		7047D5E8179492EA00354973 /* Debug */ = {
			isa = XCBuildConfiguration;
			buildSettings = {
				ASSETCATALOG_COMPILER_APPICON_NAME = AppIcon;
				ASSETCATALOG_COMPILER_LAUNCHIMAGE_NAME = LaunchImage;
				GCC_PRECOMPILE_PREFIX_HEADER = YES;
				GCC_PREFIX_HEADER = "ITSDemo/ITSDemo-Prefix.pch";
				INFOPLIST_FILE = "ITSDemo/ITSDemo-Info.plist";
				PRODUCT_NAME = "$(TARGET_NAME)";
				WRAPPER_EXTENSION = app;
			};
			name = Debug;
		};
		7047D5E9179492EA00354973 /* Release */ = {
			isa = XCBuildConfiguration;
			buildSettings = {
				ASSETCATALOG_COMPILER_APPICON_NAME = AppIcon;
				ASSETCATALOG_COMPILER_LAUNCHIMAGE_NAME = LaunchImage;
				GCC_PRECOMPILE_PREFIX_HEADER = YES;
				GCC_PREFIX_HEADER = "ITSDemo/ITSDemo-Prefix.pch";
				INFOPLIST_FILE = "ITSDemo/ITSDemo-Info.plist";
				PRODUCT_NAME = "$(TARGET_NAME)";
				WRAPPER_EXTENSION = app;
			};
			name = Release;
		};
		7047D5EB179492EA00354973 /* Debug */ = {
			isa = XCBuildConfiguration;
			buildSettings = {
				BUNDLE_LOADER = "$(BUILT_PRODUCTS_DIR)/ITSDemo.app/ITSDemo";
				FRAMEWORK_SEARCH_PATHS = (
					"$(SDKROOT)/Developer/Library/Frameworks",
					"$(inherited)",
					"$(SYSTEM_APPS_DIR)/Xcode5-DP2.app/Contents/Developer/Library/Frameworks",
				);
				GCC_PRECOMPILE_PREFIX_HEADER = YES;
				GCC_PREFIX_HEADER = "ITSDemo/ITSDemo-Prefix.pch";
				GCC_PREPROCESSOR_DEFINITIONS = (
					"DEBUG=1",
					"$(inherited)",
				);
				INFOPLIST_FILE = "ITSDemoTests/ITSDemoTests-Info.plist";
				PRODUCT_NAME = "$(TARGET_NAME)";
				TEST_HOST = "$(BUNDLE_LOADER)";
				WRAPPER_EXTENSION = xctest;
			};
			name = Debug;
		};
		7047D5EC179492EA00354973 /* Release */ = {
			isa = XCBuildConfiguration;
			buildSettings = {
				BUNDLE_LOADER = "$(BUILT_PRODUCTS_DIR)/ITSDemo.app/ITSDemo";
				FRAMEWORK_SEARCH_PATHS = (
					"$(SDKROOT)/Developer/Library/Frameworks",
					"$(inherited)",
					"$(SYSTEM_APPS_DIR)/Xcode5-DP2.app/Contents/Developer/Library/Frameworks",
				);
				GCC_PRECOMPILE_PREFIX_HEADER = YES;
				GCC_PREFIX_HEADER = "ITSDemo/ITSDemo-Prefix.pch";
				INFOPLIST_FILE = "ITSDemoTests/ITSDemoTests-Info.plist";
				PRODUCT_NAME = "$(TARGET_NAME)";
				TEST_HOST = "$(BUNDLE_LOADER)";
				WRAPPER_EXTENSION = xctest;
			};
			name = Release;
		};
/* End XCBuildConfiguration section */

/* Begin XCConfigurationList section */
		7047D5B6179492E900354973 /* Build configuration list for PBXProject "ITSDemo" */ = {
			isa = XCConfigurationList;
			buildConfigurations = (
				7047D5E5179492EA00354973 /* Debug */,
				7047D5E6179492EA00354973 /* Release */,
			);
			defaultConfigurationIsVisible = 0;
			defaultConfigurationName = Release;
		};
		7047D5E7179492EA00354973 /* Build configuration list for PBXNativeTarget "ITSDemo" */ = {
			isa = XCConfigurationList;
			buildConfigurations = (
				7047D5E8179492EA00354973 /* Debug */,
				7047D5E9179492EA00354973 /* Release */,
			);
			defaultConfigurationIsVisible = 0;
		};
		7047D5EA179492EA00354973 /* Build configuration list for PBXNativeTarget "ITSDemoTests" */ = {
			isa = XCConfigurationList;
			buildConfigurations = (
				7047D5EB179492EA00354973 /* Debug */,
				7047D5EC179492EA00354973 /* Release */,
			);
			defaultConfigurationIsVisible = 0;
		};
/* End XCConfigurationList section */
	};
	rootObject = 7047D5B3179492E900354973 /* Project object */;
}
